github.com/dual75/ubot v0.0.0-20210304092236-1e5e4219d93c h1:0yC39cZGLI+p8qvhA6bZAFMnvSYeUEykXdR6B9/fsWw=
github.com/sdurz/axon v0.0.0-20210423090506-b7997c4900f0 h1:W8GMXVa6i3kR2CUajxKCLbV7Gpi0GbMA5zTOnfVAy6s=
github.com/sdurz/axon v0.0.0-20210423090506-b7997c4900f0/go.mod h1:nVkVhRs6ld7JRt9W7SmSJnnMc7tLS+nvudgio4idQ3A=
